{
  "nodes": {
    "blobs": {
      "flake": false,
      "locked": {
        "lastModified": 1604995301,
        "narHash": "sha256-wcLzgLec6SGJA8fx1OEN1yV/Py5b+U5iyYpksUY/yLw=",
        "owner": "simple-nixos-mailserver",
        "repo": "blobs",
        "rev": "2cccdf1ca48316f2cfd1c9a0017e8de5a7156265",
        "type": "gitlab"
      },
      "original": {
        "owner": "simple-nixos-mailserver",
        "repo": "blobs",
        "type": "gitlab"
      }
    },
    "c3d2-user-module": {
      "inputs": {
        "nixos-modules": [
          "nixos-modules"
        ],
        "nixpkgs": [
          "nixpkgs"
        ]
      },
      "locked": {
        "lastModified": 1706398214,
        "narHash": "sha256-7Lk8sFyEkYGdwinhmgarUrC1niN0iyYm4sQpllxmXq4=",
        "ref": "refs/heads/master",
        "rev": "6d50ac7797380dde3ada60ceb1aeecf9148cdfb6",
        "revCount": 56,
        "type": "git",
        "url": "https://gitea.c3d2.de/C3D2/nix-user-module.git"
      },
      "original": {
        "type": "git",
        "url": "https://gitea.c3d2.de/C3D2/nix-user-module.git"
      }
    },
    "fenix": {
      "inputs": {
        "nixpkgs": [
          "nixpkgs"
        ],
        "rust-analyzer-src": "rust-analyzer-src"
      },
      "locked": {
        "lastModified": 1708496526,
        "narHash": "sha256-c/sWu8jXapWnXF+PyRGFG0gXri0nHDIlc1NR2kIVNig=",
        "owner": "nix-community",
        "repo": "fenix",
        "rev": "c9eedd243700ff29b806ea4eba398fa893c9ebea",
        "type": "github"
      },
      "original": {
        "owner": "nix-community",
        "repo": "fenix",
        "type": "github"
      }
    },
    "flake-compat": {
      "locked": {
        "lastModified": 1696426674,
        "narHash": "sha256-kvjfFW7WAETZlt09AgDn1MrtKzP7t90Vf7vypd3OL1U=",
        "owner": "edolstra",
        "repo": "flake-compat",
        "rev": "0f9255e01c2351cc7d116c072cb317785dd33b33",
        "type": "github"
      },
      "original": {
        "owner": "edolstra",
        "repo": "flake-compat",
        "type": "github"
      }
    },
    "flake-utils": {
      "inputs": {
        "systems": [
          "systems"
        ]
      },
      "locked": {
        "lastModified": 1705309234,
        "narHash": "sha256-uNRRNRKmJyCRC/8y1RqBkqWBLM034y4qN7EprSdmgyA=",
        "owner": "numtide",
        "repo": "flake-utils",
        "rev": "1ef2e671c3b0c19053962c07dbda38332dcebf26",
        "type": "github"
      },
      "original": {
        "owner": "numtide",
        "repo": "flake-utils",
        "type": "github"
      }
    },
    "home-manager": {
      "inputs": {
        "nixpkgs": [
          "nixpkgs"
        ]
      },
      "locked": {
        "lastModified": 1708451036,
        "narHash": "sha256-tgZ38NummEdnXvxj4D0StHBzXgceAw8CptytHljH790=",
        "owner": "nix-community",
        "repo": "home-manager",
        "rev": "517601b37c6d495274454f63c5a483c8e3ca6be1",
        "type": "github"
      },
      "original": {
        "owner": "nix-community",
        "repo": "home-manager",
        "type": "github"
      }
    },
    "libgit2": {
      "flake": false,
      "locked": {
        "lastModified": 1697646580,
        "narHash": "sha256-oX4Z3S9WtJlwvj0uH9HlYcWv+x1hqp8mhXl7HsLu2f0=",
        "owner": "libgit2",
        "repo": "libgit2",
        "rev": "45fd9ed7ae1a9b74b957ef4f337bc3c8b3df01b5",
        "type": "github"
      },
      "original": {
        "owner": "libgit2",
        "repo": "libgit2",
        "type": "github"
      }
    },
    "libnbtplusplus": {
      "flake": false,
      "locked": {
        "lastModified": 1650031308,
        "narHash": "sha256-TvVOjkUobYJD9itQYueELJX3wmecvEdCbJ0FinW2mL4=",
        "owner": "PolyMC",
        "repo": "libnbtplusplus",
        "rev": "2203af7eeb48c45398139b583615134efd8d407f",
        "type": "github"
      },
      "original": {
        "owner": "PolyMC",
        "repo": "libnbtplusplus",
        "type": "github"
      }
    },
    "mailserver": {
      "inputs": {
        "blobs": "blobs",
        "flake-compat": [
          "flake-compat"
        ],
        "nixpkgs": [
          "nixpkgs"
        ],
        "nixpkgs-23_05": [
          "nixpkgs"
        ],
        "nixpkgs-23_11": [
          "nixpkgs"
        ],
        "utils": [
          "flake-utils"
        ]
      },
      "locked": {
        "lastModified": 1706742486,
        "narHash": "sha256-sv/MISTeD0rqeVivpZJpynboMWJp6i62OmrZX1rGl38=",
        "owner": "simple-nixos-mailserver",
        "repo": "nixos-mailserver",
        "rev": "9e36323ae3dde787f761420465c3ae560f3dbf29",
        "type": "gitlab"
      },
      "original": {
        "owner": "simple-nixos-mailserver",
        "repo": "nixos-mailserver",
        "type": "gitlab"
      }
    },
    "nix": {
      "inputs": {
        "flake-compat": [
          "flake-compat"
        ],
        "libgit2": "libgit2",
        "nixpkgs": [
          "nixpkgs"
        ],
        "nixpkgs-regression": "nixpkgs-regression"
      },
      "locked": {
        "lastModified": 1708517151,
        "narHash": "sha256-s7QTMxLzVA5UF80sFCv8jwaTMBLA8/110YFkZNkNsCk=",
        "owner": "NixOS",
        "repo": "nix",
        "rev": "8a8172cd2b5ef2f6dd2d9673a6379447d780ff17",
        "type": "github"
      },
      "original": {
        "owner": "NixOS",
        "ref": "latest-release",
        "repo": "nix",
        "type": "github"
      }
    },
    "nix-index-database": {
      "inputs": {
        "nixpkgs": [
          "nixpkgs"
        ]
      },
      "locked": {
        "lastModified": 1708225687,
        "narHash": "sha256-NJBDfvknI26beOFmjO2coeJMTTUCCtw2Iu+rvJ1Zb9k=",
        "owner": "Mic92",
        "repo": "nix-index-database",
        "rev": "17352eb241a8d158c4ac523b19d8d2a6c8efe127",
        "type": "github"
      },
      "original": {
        "owner": "Mic92",
        "repo": "nix-index-database",
        "type": "github"
      }
    },
    "nix-pre-commit": {
      "inputs": {
        "flake-utils": [
          "flake-utils"
        ],
        "nixpkgs": [
          "nixpkgs"
        ]
      },
      "locked": {
        "lastModified": 1653259102,
        "narHash": "sha256-XfCEu4zur/N2Dk4v8wFiQAgJ7bgNqPqwWp1vBXkeczM=",
        "owner": "jmgilman",
        "repo": "nix-pre-commit",
        "rev": "6a99b2711c7eac9960939d8eb91e84322b22d50c",
        "type": "github"
      },
      "original": {
        "owner": "jmgilman",
        "repo": "nix-pre-commit",
        "type": "github"
      }
    },
    "nixos-modules": {
      "inputs": {
        "flake-utils": [
          "flake-utils"
        ],
        "nixpkgs": [
          "nixpkgs"
        ]
      },
      "locked": {
        "lastModified": 1708134366,
        "narHash": "sha256-MtjbG+lQHrmxbBdIOlRQ9RBULsszGhqCpVD23y3KMEw=",
        "owner": "SuperSandro2000",
        "repo": "nixos-modules",
        "rev": "4e41d2a44dde45e234a7795e5a502d21ad484d52",
        "type": "github"
      },
      "original": {
        "owner": "SuperSandro2000",
        "repo": "nixos-modules",
        "type": "github"
      }
    },
    "nixpkgs": {
      "locked": {
        "lastModified": 1708475490,
        "narHash": "sha256-g1v0TsWBQPX97ziznfJdWhgMyMGtoBFs102xSYO4syU=",
        "owner": "nixos",
        "repo": "nixpkgs",
        "rev": "0e74ca98a74bc7270d28838369593635a5db3260",
        "type": "github"
      },
      "original": {
        "owner": "nixos",
        "ref": "nixos-unstable",
        "repo": "nixpkgs",
        "type": "github"
      }
    },
    "nixpkgs-fmt": {
      "inputs": {
        "fenix": [
          "fenix"
        ],
        "flake-utils": [
          "flake-utils"
        ],
        "nixpkgs": [
          "nixpkgs"
        ]
      },
      "locked": {
        "lastModified": 1706847205,
        "narHash": "sha256-lkrvtZj4YhRLi6cmIP1dqZmULy3ujTN2hvZKKIYqZLU=",
        "owner": "rad-development",
        "repo": "nixpkgs-fmt",
        "rev": "d83302adb7f6b40a5ed6f91e83af94a6bf83436f",
        "type": "github"
      },
      "original": {
        "owner": "rad-development",
        "repo": "nixpkgs-fmt",
        "type": "github"
      }
    },
    "nixpkgs-regression": {
      "locked": {
        "lastModified": 1643052045,
        "narHash": "sha256-uGJ0VXIhWKGXxkeNnq4TvV3CIOkUJ3PAoLZ3HMzNVMw=",
        "owner": "NixOS",
        "repo": "nixpkgs",
        "rev": "215d4d0fd80ca5163643b03a33fde804a29cc1e2",
        "type": "github"
      },
      "original": {
        "owner": "NixOS",
        "repo": "nixpkgs",
        "rev": "215d4d0fd80ca5163643b03a33fde804a29cc1e2",
        "type": "github"
      }
    },
    "polymc": {
      "inputs": {
        "flake-compat": [
          "flake-compat"
        ],
        "libnbtplusplus": "libnbtplusplus",
        "nixpkgs": [
          "nixpkgs"
        ],
        "tomlplusplus": "tomlplusplus"
      },
      "locked": {
        "lastModified": 1705013069,
        "narHash": "sha256-idQsuVSqJTF1bq6xmJwRR/TAb5bZsKGVNmoRG+nmgX4=",
        "owner": "PolyMC",
        "repo": "PolyMC",
        "rev": "ffcb0c3f4196d3d7d63752af2e8a6036e4f7f115",
        "type": "github"
      },
      "original": {
        "owner": "PolyMC",
        "repo": "PolyMC",
        "type": "github"
      }
    },
    "root": {
      "inputs": {
        "c3d2-user-module": "c3d2-user-module",
        "fenix": "fenix",
        "flake-compat": "flake-compat",
        "flake-utils": "flake-utils",
        "home-manager": "home-manager",
        "mailserver": "mailserver",
        "nix": "nix",
        "nix-index-database": "nix-index-database",
        "nix-pre-commit": "nix-pre-commit",
        "nixos-modules": "nixos-modules",
        "nixpkgs": "nixpkgs",
        "nixpkgs-fmt": "nixpkgs-fmt",
        "polymc": "polymc",
        "sops-nix": "sops-nix",
        "systems": "systems"
      }
    },
    "rust-analyzer-src": {
      "flake": false,
      "locked": {
        "lastModified": 1708459863,
        "narHash": "sha256-PzlnvPOv/1l2lSU0oj+gY+hq5MRqJNU3KWSO+RCwhgs=",
        "owner": "rust-lang",
        "repo": "rust-analyzer",
        "rev": "543d7e98dbcc0668528dbf3f5b32d752882baa33",
        "type": "github"
      },
      "original": {
        "owner": "rust-lang",
        "ref": "nightly",
        "repo": "rust-analyzer",
        "type": "github"
      }
    },
    "sops-nix": {
      "inputs": {
        "nixpkgs": [
          "nixpkgs"
        ],
        "nixpkgs-stable": [
          "nixpkgs"
        ]
      },
      "locked": {
        "lastModified": 1708500294,
        "narHash": "sha256-mvJIecY3tDKZh7297mqOtOuAvP7U1rqjfLNfmfkjFpU=",
        "owner": "Mic92",
        "repo": "sops-nix",
        "rev": "f6b80ab6cd25e57f297fe466ad689d8a77057c11",
        "type": "github"
      },
      "original": {
        "owner": "Mic92",
        "repo": "sops-nix",
        "type": "github"
      }
    },
    "systems": {
      "locked": {
        "lastModified": 1681028828,
        "narHash": "sha256-Vy1rq5AaRuLzOxct8nz4T6wlgyUR7zLU309k9mBC768=",
        "owner": "nix-systems",
        "repo": "default",
        "rev": "da67096a3b9bf56a91d16901293e51ba5b49a27e",
        "type": "github"
      },
      "original": {
        "owner": "nix-systems",
        "repo": "default",
        "type": "github"
      }
    },
    "tomlplusplus": {
      "flake": false,
      "locked": {
        "lastModified": 1664034574,
        "narHash": "sha256-EFMAl6tsTvkgK0DWC/pZfOIq06b2e5SnxJa1ngGRIQA=",
        "owner": "marzer",
        "repo": "tomlplusplus",
        "rev": "8aa5c8b2a4ff2c440d4630addf64fa4f62146170",
        "type": "github"
      },
      "original": {
        "owner": "marzer",
        "repo": "tomlplusplus",
        "type": "github"
      }
    }
  },
  "root": "root",
  "version": 7
}
